
Microsoft Visual Studio Solution File, Format Version 12.00
# Visual Studio Version 16
VisualStudioVersion = 16.0.31205.134
MinimumVisualStudioVersion = 10.0.40219.1
Project("{9A19103F-16F7-4668-BE54-9A1E7A4F7556}") = "Grand_Strand_Systems", "Grand_Strand_Systems.csproj", "{B7235637-F649-47CF-BD7F-F90BE753D099}"
EndProject
Project("{FAE04EC0-301F-11D3-BF4B-00C04F79EFBC}") = "Grand_Strand_Systems.Test", "..\Grand_Strand_Systems.Test\Grand_Strand_Systems.Test.csproj", "{63CC0BBE-9F56-41EA-B48F-07D0B1A669BF}"
EndProject
Global
	GlobalSection(SolutionConfigurationPlatforms) = preSolution
		Debug|Any CPU = Debug|Any CPU
		Release|Any CPU = Release|Any CPU
	EndGlobalSection
	GlobalSection(ProjectConfigurationPlatforms) = postSolution
		{B7235637-F649-47CF-BD7F-F90BE753D099}.Debug|Any CPU.ActiveCfg = Debug|Any CPU
		{B7235637-F649-47CF-BD7F-F90BE753D099}.Debug|Any CPU.Build.0 = Debug|Any CPU
		{B7235637-F649-47CF-BD7F-F90BE753D099}.Release|Any CPU.ActiveCfg = Release|Any CPU
		{B7235637-F649-47CF-BD7F-F90BE753D099}.Release|Any CPU.Build.0 = Release|Any CPU
		{63CC0BBE-9F56-41EA-B48F-07D0B1A669BF}.Debug|Any CPU.ActiveCfg = Debug|Any CPU
		{63CC0BBE-9F56-41EA-B48F-07D0B1A669BF}.Debug|Any CPU.Build.0 = Debug|Any CPU
		{63CC0BBE-9F56-41EA-B48F-07D0B1A669BF}.Release|Any CPU.ActiveCfg = Release|Any CPU
		{63CC0BBE-9F56-41EA-B48F-07D0B1A669BF}.Release|Any CPU.Build.0 = Release|Any CPU
	EndGlobalSection
	GlobalSection(SolutionProperties) = preSolution
		HideSolutionNode = FALSE
	EndGlobalSection
	GlobalSection(ExtensibilityGlobals) = postSolution
		SolutionGuid = {CDA33797-8E8E-4576-BC50-9382C39FAB1A}
	EndGlobalSection
EndGlobal
